{
  "name": "rhythm-tooling",
  "lockfileVersion": 3,
  "requires": true,
  "packages": {
    "": {
      "name": "rhythm-tooling",
      "devDependencies": {
        "tree-sitter-dart": "1.0.0",
        "tree-sitter-kotlin": "0.3.8"
      }
    },
    "node_modules/nan": {
      "version": "2.27.0",
      "resolved": "https://registry.npmjs.org/nan/-/nan-2.27.0.tgz",
      "integrity": "sha512-hC+0LidcL3XE4rp1C4H54KujgXKzbfyTngZTwBByQxsOxCEKZT0MPQ4hOKUH2jU1OYstqdDH4onyHPDzcV0XdQ==",
      "dev": true,
      "license": "MIT"
    },
    "node_modules/node-addon-api": {
      "version": "8.8.0",
      "dev": true,
      "license": "MIT",
      "peer": true,
      "engines": {
        "node": "^18 || ^20 || >= 21"
      }
    },
    "node_modules/node-gyp-build": {
      "version": "4.8.4",
      "dev": true,
      "license": "MIT",
      "bin": {
        "node-gyp-build": "bin.js",
        "node-gyp-build-optional": "optional.js",
        "node-gyp-build-test": "build-test.js"
      }
    },
    "node_modules/tree-sitter": {
      "version": "0.21.1",
      "dev": true,
      "hasInstallScript": true,
      "license": "MIT",
      "peer": true,
      "dependencies": {
        "node-addon-api": "^8.0.0",
        "node-gyp-build": "^4.8.0"
      }
    },
    "node_modules/tree-sitter-dart": {
      "version": "1.0.0",
      "resolved": "https://registry.npmjs.org/tree-sitter-dart/-/tree-sitter-dart-1.0.0.tgz",
      "integrity": "sha512-Ve5YMPJjjGW9LEsO+MngAOibQsw5obFp+bUT41pvwdcXWRwJImOWs3eaPi6AubEiBmc09qvhdvxeIXvxlhMnug==",
      "dev": true,
      "hasInstallScript": true,
      "license": "ISC",
      "dependencies": {
        "nan": "^2.15.0"
      }
    },
    "node_modules/tree-sitter-kotlin": {
      "version": "0.3.8",
      "dev": true,
      "hasInstallScript": true,
      "license": "MIT",
      "dependencies": {
        "node-addon-api": "^7.1.0",
        "node-gyp-build": "^4.8.0"
      },
      "peerDependencies": {
        "tree-sitter": "^0.21.0"
      },
      "peerDependenciesMeta": {
        "tree_sitter": {
          "optional": true
        }
      }
    },
    "node_modules/tree-sitter-kotlin/node_modules/node-addon-api": {
      "version": "7.1.1",
      "dev": true,
      "license": "MIT"
    }
  }
}
